
Microsoft Visual Studio Solution File, Format Version 12.00
# Visual Studio 15
VisualStudioVersion = 15.0.27428.2002
MinimumVisualStudioVersion = 10.0.40219.1
Project("{FAE04EC0-301F-11D3-BF4B-00C04F79EFBC}") = "AniHelp", "AniHelp\AniHelp.csproj", "{7C2F776F-EE76-494E-A441-3B7B2F21297D}"
EndProject
Project("{FAE04EC0-301F-11D3-BF4B-00C04F79EFBC}") = "AniHelp.UI", "AniHelp.UI\AniHelp.UI.csproj", "{6C9871A0-3606-482E-A863-155806108CB7}"
EndProject
Global
	GlobalSection(SolutionConfigurationPlatforms) = preSolution
		Debug|Any CPU = Debug|Any CPU
		Release|Any CPU = Release|Any CPU
	EndGlobalSection
	GlobalSection(ProjectConfigurationPlatforms) = postSolution
		{7C2F776F-EE76-494E-A441-3B7B2F21297D}.Debug|Any CPU.ActiveCfg = Debug|Any CPU
		{7C2F776F-EE76-494E-A441-3B7B2F21297D}.Debug|Any CPU.Build.0 = Debug|Any CPU
		{7C2F776F-EE76-494E-A441-3B7B2F21297D}.Release|Any CPU.ActiveCfg = Release|Any CPU
		{7C2F776F-EE76-494E-A441-3B7B2F21297D}.Release|Any CPU.Build.0 = Release|Any CPU
		{6C9871A0-3606-482E-A863-155806108CB7}.Debug|Any CPU.ActiveCfg = Debug|Any CPU
		{6C9871A0-3606-482E-A863-155806108CB7}.Debug|Any CPU.Build.0 = Debug|Any CPU
		{6C9871A0-3606-482E-A863-155806108CB7}.Release|Any CPU.ActiveCfg = Release|Any CPU
		{6C9871A0-3606-482E-A863-155806108CB7}.Release|Any CPU.Build.0 = Release|Any CPU
	EndGlobalSection
	GlobalSection(SolutionProperties) = preSolution
		HideSolutionNode = FALSE
	EndGlobalSection
	GlobalSection(ExtensibilityGlobals) = postSolution
		SolutionGuid = {6080212B-D67C-47AA-A4DD-335F51CA6ED0}
	EndGlobalSection
EndGlobal
